dependencies:
- name: elasticsearch
  repository: oci://registry-1.docker.io/bitnamicharts
  version: 19.19.4
- name: postgresql
  repository: oci://registry-1.docker.io/bitnamicharts
  version: 14.3.3
- name: redis
  repository: oci://registry-1.docker.io/bitnamicharts
  version: 18.16.1
digest: sha256:42611ccdc0107a8849cf3bdf359b3101d44ac8b21c131822cf13d3acc1ad447a
generated: "2024-10-12T17:11:00.698616+02:00"
